
Microsoft Visual Studio Solution File, Format Version 12.00
# Visual Studio Version 17
VisualStudioVersion = 17.11.35327.3
MinimumVisualStudioVersion = 10.0.40219.1
Project("{888888A0-9F3D-457C-B088-3A5042F75D52}") = "Email_Spam_Filter", "Email_Spam_Filter\Email_Spam_Filter.pyproj", "{672357D8-DD1D-41A5-8AA3-96643CEF5304}"
EndProject
Global
	GlobalSection(SolutionConfigurationPlatforms) = preSolution
		Debug|Any CPU = Debug|Any CPU
		Release|Any CPU = Release|Any CPU
	EndGlobalSection
	GlobalSection(ProjectConfigurationPlatforms) = postSolution
		{672357D8-DD1D-41A5-8AA3-96643CEF5304}.Debug|Any CPU.ActiveCfg = Debug|Any CPU
		{672357D8-DD1D-41A5-8AA3-96643CEF5304}.Release|Any CPU.ActiveCfg = Release|Any CPU
	EndGlobalSection
	GlobalSection(SolutionProperties) = preSolution
		HideSolutionNode = FALSE
	EndGlobalSection
	GlobalSection(ExtensibilityGlobals) = postSolution
		SolutionGuid = {B96658BF-D373-4274-955B-108AD9A0DA11}
	EndGlobalSection
EndGlobal
